<?xml version="1.0" encoding="utf-8"?>
<Project ToolsVersion="4.0" xmlns="http://schemas.microsoft.com/developer/msbuild/2003">
  <ItemGroup>
    <Filter Include="include">
      <UniqueIdentifier>{f4498a19-e253-4cec-82c9-2b62133d0d23}</UniqueIdentifier>
    </Filter>
    <Filter Include="src">
      <UniqueIdentifier>{49b326c8-6cb5-43fd-9630-e620cf1033b3}</UniqueIdentifier>
    </Filter>
    <Filter Include="Generated Files">
      <UniqueIdentifier>{71ED8ED8-ACB9-4CE9-BBE1-E00B30144E11}</UniqueIdentifier>
      <Extensions>moc;h;cpp</Extensions>
    </Filter>
    <Filter Include="Generated Files\Release">
      <UniqueIdentifier>{3a94eebf-d389-4a1d-8b4c-922a82a109c8}</UniqueIdentifier>
      <Extensions>cpp;moc</Extensions>
      <SourceControlFiles>False</SourceControlFiles>
    </Filter>
    <Filter Include="Generated Files\Debug">
      <UniqueIdentifier>{543f3e67-7ead-4d49-961c-7eedd12d3d5c}</UniqueIdentifier>
      <Extensions>cpp;moc</Extensions>
      <SourceControlFiles>False</SourceControlFiles>
    </Filter>
    <Filter Include="ly">
      <UniqueIdentifier>{ab78b27f-65f1-44e2-aaf0-bb7fb80980e8}</UniqueIdentifier>
    </Filter>
    <Filter Include="res">
      <UniqueIdentifier>{c403fe41-3281-4c14-a27b-6957f30f14f4}</UniqueIdentifier>
    </Filter>
    <Filter Include="Resource Files">
      <UniqueIdentifier>{D9D6E242-F8AF-46E4-B9FD-80ECBC20BA3E}</UniqueIdentifier>
      <Extensions>qrc;*</Extensions>
      <ParseFiles>false</ParseFiles>
    </Filter>
  </ItemGroup>
  <ItemGroup>
    <ClInclude Include="include\main_interface.h">
      <Filter>include</Filter>
    </ClInclude>
    <ClInclude Include="include\main_manager.h">
      <Filter>include</Filter>
    </ClInclude>
    <ClInclude Include="src\view_splitter.h">
      <Filter>src</Filter>
    </ClInclude>
    <ClInclude Include="GeneratedFiles\ui_form_log_window.h">
      <Filter>Generated Files</Filter>
    </ClInclude>
    <ClInclude Include="GeneratedFiles\ui_mainwindow.h">
      <Filter>Generated Files</Filter>
    </ClInclude>
    <ClInclude Include="..\ly\LyClib.h">
      <Filter>ly</Filter>
    </ClInclude>
    <ClInclude Include="..\ly\LyUtil.h">
      <Filter>ly</Filter>
    </ClInclude>
  </ItemGroup>
  <ItemGroup>
    <None Include="..\res\style.qss">
      <Filter>res</Filter>
    </None>
  </ItemGroup>
  <ItemGroup>
    <ClCompile Include="src\form_log_window_impl.cpp">
      <Filter>src</Filter>
    </ClCompile>
    <ClCompile Include="src\main.cpp">
      <Filter>src</Filter>
    </ClCompile>
    <ClCompile Include="src\main_interface.cpp">
      <Filter>src</Filter>
    </ClCompile>
    <ClCompile Include="src\main_manager.cpp">
      <Filter>src</Filter>
    </ClCompile>
    <ClCompile Include="src\mainwindow.cpp">
      <Filter>src</Filter>
    </ClCompile>
    <ClCompile Include="src\panel_time_line_widget.cpp">
      <Filter>src</Filter>
    </ClCompile>
    <ClCompile Include="src\time_line_slider.cpp">
      <Filter>src</Filter>
    </ClCompile>
    <ClCompile Include="src\view_frame.cpp">
      <Filter>src</Filter>
    </ClCompile>
    <ClCompile Include="src\view_main.cpp">
      <Filter>src</Filter>
    </ClCompile>
    <ClCompile Include="src\view_widget.cpp">
      <Filter>src</Filter>
    </ClCompile>
    <ClCompile Include="GeneratedFiles\qrc_style.cpp">
      <Filter>Generated Files</Filter>
    </ClCompile>
    <ClCompile Include="GeneratedFiles\Release\moc_form_log_window_impl.cpp">
      <Filter>Generated Files\Release</Filter>
    </ClCompile>
    <ClCompile Include="GeneratedFiles\Release\moc_mainwindow.cpp">
      <Filter>Generated Files\Release</Filter>
    </ClCompile>
    <ClCompile Include="GeneratedFiles\Release\moc_panel_time_line_widget.cpp">
      <Filter>Generated Files\Release</Filter>
    </ClCompile>
    <ClCompile Include="GeneratedFiles\Release\moc_time_line_slider.cpp">
      <Filter>Generated Files\Release</Filter>
    </ClCompile>
    <ClCompile Include="GeneratedFiles\Release\moc_view_frame.cpp">
      <Filter>Generated Files\Release</Filter>
    </ClCompile>
    <ClCompile Include="GeneratedFiles\Release\moc_view_main.cpp">
      <Filter>Generated Files\Release</Filter>
    </ClCompile>
    <ClCompile Include="GeneratedFiles\Release\moc_view_widget.cpp">
      <Filter>Generated Files\Release</Filter>
    </ClCompile>
    <ClCompile Include="GeneratedFiles\Debug\moc_form_log_window_impl.cpp">
      <Filter>Generated Files\Debug</Filter>
    </ClCompile>
    <ClCompile Include="GeneratedFiles\Debug\moc_mainwindow.cpp">
      <Filter>Generated Files\Debug</Filter>
    </ClCompile>
    <ClCompile Include="GeneratedFiles\Debug\moc_panel_time_line_widget.cpp">
      <Filter>Generated Files\Debug</Filter>
    </ClCompile>
    <ClCompile Include="GeneratedFiles\Debug\moc_time_line_slider.cpp">
      <Filter>Generated Files\Debug</Filter>
    </ClCompile>
    <ClCompile Include="GeneratedFiles\Debug\moc_view_frame.cpp">
      <Filter>Generated Files\Debug</Filter>
    </ClCompile>
    <ClCompile Include="GeneratedFiles\Debug\moc_view_main.cpp">
      <Filter>Generated Files\Debug</Filter>
    </ClCompile>
    <ClCompile Include="GeneratedFiles\Debug\moc_view_widget.cpp">
      <Filter>Generated Files\Debug</Filter>
    </ClCompile>
    <ClCompile Include="..\ly\LyUtil.cpp">
      <Filter>ly</Filter>
    </ClCompile>
  </ItemGroup>
  <ItemGroup>
    <CustomBuildStep Include="..\res\ex_down_arrow.png">
      <Filter>Resource Files</Filter>
    </CustomBuildStep>
    <CustomBuildStep Include="..\res\ex_end_frame.png">
      <Filter>Resource Files</Filter>
    </CustomBuildStep>
    <CustomBuildStep Include="..\res\ex_left_arrow.png">
      <Filter>Resource Files</Filter>
    </CustomBuildStep>
    <CustomBuildStep Include="..\res\ex_next_frame.png">
      <Filter>Resource Files</Filter>
    </CustomBuildStep>
    <CustomBuildStep Include="..\res\ex_open.png">
      <Filter>Resource Files</Filter>
    </CustomBuildStep>
    <CustomBuildStep Include="..\res\ex_parameter_colorpicker.png">
      <Filter>Resource Files</Filter>
    </CustomBuildStep>
    <CustomBuildStep Include="..\res\ex_parameter_toolbutton.png">
      <Filter>Resource Files</Filter>
    </CustomBuildStep>
    <CustomBuildStep Include="..\res\ex_play.png">
      <Filter>Resource Files</Filter>
    </CustomBuildStep>
    <CustomBuildStep Include="..\res\ex_previous_frame.png">
      <Filter>Resource Files</Filter>
    </CustomBuildStep>
    <CustomBuildStep Include="..\res\ex_scroll.png">
      <Filter>Resource Files</Filter>
    </CustomBuildStep>
    <CustomBuildStep Include="..\res\ex_scroll2.png">
      <Filter>Resource Files</Filter>
    </CustomBuildStep>
    <CustomBuildStep Include="..\res\ex_sizegrip.png">
      <Filter>Resource Files</Filter>
    </CustomBuildStep>
    <CustomBuildStep Include="..\res\ex_spin_down_disabled.png">
      <Filter>Resource Files</Filter>
    </CustomBuildStep>
    <CustomBuildStep Include="..\res\ex_spin_down_enabled.png">
      <Filter>Resource Files</Filter>
    </CustomBuildStep>
    <CustomBuildStep Include="..\res\ex_spin_down_enabled_hover.png">
      <Filter>Resource Files</Filter>
    </CustomBuildStep>
    <CustomBuildStep Include="..\res\ex_spin_down_enabled_pressed.png">
      <Filter>Resource Files</Filter>
    </CustomBuildStep>
    <CustomBuildStep Include="..\res\ex_spin_up_disabled.png">
      <Filter>Resource Files</Filter>
    </CustomBuildStep>
    <CustomBuildStep Include="..\res\ex_spin_up_enabled.png">
      <Filter>Resource Files</Filter>
    </CustomBuildStep>
    <CustomBuildStep Include="..\res\ex_spin_up_enabled_hover.png">
      <Filter>Resource Files</Filter>
    </CustomBuildStep>
    <CustomBuildStep Include="..\res\ex_spin_up_enabled_pressed.png">
      <Filter>Resource Files</Filter>
    </CustomBuildStep>
    <CustomBuildStep Include="..\res\ex_start_frame.png">
      <Filter>Resource Files</Filter>
    </CustomBuildStep>
    <CustomBuildStep Include="..\res\ex_stop.png">
      <Filter>Resource Files</Filter>
    </CustomBuildStep>
    <CustomBuildStep Include="..\res\ex_up_arrow.png">
      <Filter>Resource Files</Filter>
    </CustomBuildStep>
  </ItemGroup>
  <ItemGroup>
    <CustomBuild Include="include\panel_time_line_widget.h">
      <Filter>include</Filter>
    </CustomBuild>
    <CustomBuild Include="src\form_log_window.ui">
      <Filter>src</Filter>
    </CustomBuild>
    <CustomBuild Include="src\form_log_window_impl.h">
      <Filter>src</Filter>
    </CustomBuild>
    <CustomBuild Include="src\mainwindow.h">
      <Filter>src</Filter>
    </CustomBuild>
    <CustomBuild Include="src\mainwindow.ui">
      <Filter>src</Filter>
    </CustomBuild>
    <CustomBuild Include="src\time_line_slider.h">
      <Filter>src</Filter>
    </CustomBuild>
    <CustomBuild Include="src\view_frame.h">
      <Filter>src</Filter>
    </CustomBuild>
    <CustomBuild Include="src\view_main.h">
      <Filter>src</Filter>
    </CustomBuild>
    <CustomBuild Include="src\view_widget.h">
      <Filter>src</Filter>
    </CustomBuild>
    <CustomBuild Include="..\res\style.qrc">
      <Filter>res</Filter>
    </CustomBuild>
  </ItemGroup>
</Project>