
Microsoft Visual Studio Solution File, Format Version 10.00
# Visual Studio 2008
Project("{8BC9CEB8-8B4A-11D0-8D11-00A0C91BC942}") = "lib_qt_node_editor", "lib_qt_node_editor.vcproj", "{3EC9CB7C-706D-49BC-B086-88D75E18D40F}"
EndProject
Global
	GlobalSection(SolutionConfigurationPlatforms) = preSolution
		Debug|Win32 = Debug|Win32
		Release|Win32 = Release|Win32
	EndGlobalSection
	GlobalSection(ProjectConfigurationPlatforms) = postSolution
		{3EC9CB7C-706D-49BC-B086-88D75E18D40F}.Debug|Win32.ActiveCfg = Debug|Win32
		{3EC9CB7C-706D-49BC-B086-88D75E18D40F}.Debug|Win32.Build.0 = Debug|Win32
		{3EC9CB7C-706D-49BC-B086-88D75E18D40F}.Release|Win32.ActiveCfg = Release|Win32
		{3EC9CB7C-706D-49BC-B086-88D75E18D40F}.Release|Win32.Build.0 = Release|Win32
	EndGlobalSection
	GlobalSection(SolutionProperties) = preSolution
		HideSolutionNode = FALSE
	EndGlobalSection
EndGlobal
